Microsoft Visual Studio Solution File, Format Version 12.00
# Visual Studio Version 17
VisualStudioVersion = 17.5.2.0
MinimumVisualStudioVersion = 10.0.40219.1
Project("{FAE04EC0-301F-11D3-BF4B-00C04F79EFBC}") = "SEMANA16.", "SEMANA16..csproj", "{4E1AED7E-98EF-849B-C5A9-77309FD68446}"
EndProject
Global
	GlobalSection(SolutionConfigurationPlatforms) = preSolution
		Debug|Any CPU = Debug|Any CPU
		Release|Any CPU = Release|Any CPU
	EndGlobalSection
	GlobalSection(ProjectConfigurationPlatforms) = postSolution
		{4E1AED7E-98EF-849B-C5A9-77309FD68446}.Debug|Any CPU.ActiveCfg = Debug|Any CPU
		{4E1AED7E-98EF-849B-C5A9-77309FD68446}.Debug|Any CPU.Build.0 = Debug|Any CPU
		{4E1AED7E-98EF-849B-C5A9-77309FD68446}.Release|Any CPU.ActiveCfg = Release|Any CPU
		{4E1AED7E-98EF-849B-C5A9-77309FD68446}.Release|Any CPU.Build.0 = Release|Any CPU
	EndGlobalSection
	GlobalSection(SolutionProperties) = preSolution
		HideSolutionNode = FALSE
	EndGlobalSection
	GlobalSection(ExtensibilityGlobals) = postSolution
		SolutionGuid = {5A1D77BD-9EF7-44DD-BE53-FA76BDA3E63E}
	EndGlobalSection
EndGlobal
